// !$*UTF8*$!
{
	archiveVersion = 1;
	classes = {
	};
	objectVersion = 50;
	objects = {

/* Begin PBXBuildFile section */
		2432B24F2588F382008E2EAA /* GitHubUsersChallengeTests.swift in Sources */ = {isa = PBXBuildFile; fileRef = 2432B24E2588F382008E2EAA /* GitHubUsersChallengeTests.swift */; };
		2432B25E25891D45008E2EAA /* CoreDataStore.swift in Sources */ = {isa = PBXBuildFile; fileRef = 2432B2582588F9B0008E2EAA /* CoreDataStore.swift */; };
		248063232583AE54005305AF /* AppDelegate.swift in Sources */ = {isa = PBXBuildFile; fileRef = 248063222583AE54005305AF /* AppDelegate.swift */; };
		248063252583AE54005305AF /* SceneDelegate.swift in Sources */ = {isa = PBXBuildFile; fileRef = 248063242583AE54005305AF /* SceneDelegate.swift */; };
		248063272583AE54005305AF /* ViewController.swift in Sources */ = {isa = PBXBuildFile; fileRef = 248063262583AE54005305AF /* ViewController.swift */; };
		2480632A2583AE54005305AF /* Main.storyboard in Resources */ = {isa = PBXBuildFile; fileRef = 248063282583AE54005305AF /* Main.storyboard */; };
		2480632D2583AE54005305AF /* GitHubUsersChallenge.xcdatamodeld in Sources */ = {isa = PBXBuildFile; fileRef = 2480632B2583AE54005305AF /* GitHubUsersChallenge.xcdatamodeld */; };
		2480632F2583AE58005305AF /* Assets.xcassets in Resources */ = {isa = PBXBuildFile; fileRef = 2480632E2583AE58005305AF /* Assets.xcassets */; };
		248063322583AE58005305AF /* LaunchScreen.storyboard in Resources */ = {isa = PBXBuildFile; fileRef = 248063302583AE58005305AF /* LaunchScreen.storyboard */; };
		248063412583F146005305AF /* DetailViewController.swift in Sources */ = {isa = PBXBuildFile; fileRef = 248063402583F146005305AF /* DetailViewController.swift */; };
		2480634325850E2E005305AF /* UserCell.swift in Sources */ = {isa = PBXBuildFile; fileRef = 2480634225850E2E005305AF /* UserCell.swift */; };
		24806345258517DA005305AF /* ImageCache.swift in Sources */ = {isa = PBXBuildFile; fileRef = 24806344258517DA005305AF /* ImageCache.swift */; };
		2480634725852472005305AF /* UsersModel.swift in Sources */ = {isa = PBXBuildFile; fileRef = 2480634625852472005305AF /* UsersModel.swift */; };
		2480635E25868DD0005305AF /* UserProfiles+CoreDataClass.swift in Sources */ = {isa = PBXBuildFile; fileRef = 2480635A25868DD0005305AF /* UserProfiles+CoreDataClass.swift */; };
		2480636025868DD0005305AF /* UsersList+CoreDataClass.swift in Sources */ = {isa = PBXBuildFile; fileRef = 2480635C25868DD0005305AF /* UsersList+CoreDataClass.swift */; };
/* End PBXBuildFile section */

/* Begin PBXContainerItemProxy section */
		2432B2512588F382008E2EAA /* PBXContainerItemProxy */ = {
			isa = PBXContainerItemProxy;
			containerPortal = 248063172583AE54005305AF /* Project object */;
			proxyType = 1;
			remoteGlobalIDString = 2480631E2583AE54005305AF;
			remoteInfo = GitHubUsersChallenge;
		};
/* End PBXContainerItemProxy section */

/* Begin PBXFileReference section */
		2432B24C2588F382008E2EAA /* GitHubUsersChallengeTests.xctest */ = {isa = PBXFileReference; explicitFileType = wrapper.cfbundle; includeInIndex = 0; path = GitHubUsersChallengeTests.xctest; sourceTree = BUILT_PRODUCTS_DIR; };
		2432B24E2588F382008E2EAA /* GitHubUsersChallengeTests.swift */ = {isa = PBXFileReference; lastKnownFileType = sourcecode.swift; path = GitHubUsersChallengeTests.swift; sourceTree = "<group>"; };
		2432B2502588F382008E2EAA /* Info.plist */ = {isa = PBXFileReference; lastKnownFileType = text.plist.xml; path = Info.plist; sourceTree = "<group>"; };
		2432B2582588F9B0008E2EAA /* CoreDataStore.swift */ = {isa = PBXFileReference; lastKnownFileType = sourcecode.swift; path = CoreDataStore.swift; sourceTree = "<group>"; };
		2480631F2583AE54005305AF /* GitHubUsersChallenge.app */ = {isa = PBXFileReference; explicitFileType = wrapper.application; includeInIndex = 0; path = GitHubUsersChallenge.app; sourceTree = BUILT_PRODUCTS_DIR; };
		248063222583AE54005305AF /* AppDelegate.swift */ = {isa = PBXFileReference; lastKnownFileType = sourcecode.swift; path = AppDelegate.swift; sourceTree = "<group>"; };
		248063242583AE54005305AF /* SceneDelegate.swift */ = {isa = PBXFileReference; lastKnownFileType = sourcecode.swift; path = SceneDelegate.swift; sourceTree = "<group>"; };
		248063262583AE54005305AF /* ViewController.swift */ = {isa = PBXFileReference; lastKnownFileType = sourcecode.swift; path = ViewController.swift; sourceTree = "<group>"; };
		248063292583AE54005305AF /* Base */ = {isa = PBXFileReference; lastKnownFileType = file.storyboard; name = Base; path = Base.lproj/Main.storyboard; sourceTree = "<group>"; };
		2480632C2583AE54005305AF /* GitHubUsersChallenge.xcdatamodel */ = {isa = PBXFileReference; lastKnownFileType = wrapper.xcdatamodel; path = GitHubUsersChallenge.xcdatamodel; sourceTree = "<group>"; };
		2480632E2583AE58005305AF /* Assets.xcassets */ = {isa = PBXFileReference; lastKnownFileType = folder.assetcatalog; path = Assets.xcassets; sourceTree = "<group>"; };
		248063312583AE58005305AF /* Base */ = {isa = PBXFileReference; lastKnownFileType = file.storyboard; name = Base; path = Base.lproj/LaunchScreen.storyboard; sourceTree = "<group>"; };
		248063332583AE58005305AF /* Info.plist */ = {isa = PBXFileReference; lastKnownFileType = text.plist.xml; path = Info.plist; sourceTree = "<group>"; };
		248063402583F146005305AF /* DetailViewController.swift */ = {isa = PBXFileReference; lastKnownFileType = sourcecode.swift; path = DetailViewController.swift; sourceTree = "<group>"; };
		2480634225850E2E005305AF /* UserCell.swift */ = {isa = PBXFileReference; lastKnownFileType = sourcecode.swift; path = UserCell.swift; sourceTree = "<group>"; };
		24806344258517DA005305AF /* ImageCache.swift */ = {isa = PBXFileReference; lastKnownFileType = sourcecode.swift; path = ImageCache.swift; sourceTree = "<group>"; };
		2480634625852472005305AF /* UsersModel.swift */ = {isa = PBXFileReference; lastKnownFileType = sourcecode.swift; path = UsersModel.swift; sourceTree = "<group>"; };
		2480635A25868DD0005305AF /* UserProfiles+CoreDataClass.swift */ = {isa = PBXFileReference; lastKnownFileType = sourcecode.swift; path = "UserProfiles+CoreDataClass.swift"; sourceTree = "<group>"; };
		2480635C25868DD0005305AF /* UsersList+CoreDataClass.swift */ = {isa = PBXFileReference; lastKnownFileType = sourcecode.swift; path = "UsersList+CoreDataClass.swift"; sourceTree = "<group>"; };
/* End PBXFileReference section */

/* Begin PBXFrameworksBuildPhase section */
		2432B2492588F382008E2EAA /* Frameworks */ = {
			isa = PBXFrameworksBuildPhase;
			buildActionMask = 2147483647;
			files = (
			);
			runOnlyForDeploymentPostprocessing = 0;
		};
		2480631C2583AE54005305AF /* Frameworks */ = {
			isa = PBXFrameworksBuildPhase;
			buildActionMask = 2147483647;
			files = (
			);
			runOnlyForDeploymentPostprocessing = 0;
		};
/* End PBXFrameworksBuildPhase section */

/* Begin PBXGroup section */
		2432B24D2588F382008E2EAA /* GitHubUsersChallengeTests */ = {
			isa = PBXGroup;
			children = (
				2432B24E2588F382008E2EAA /* GitHubUsersChallengeTests.swift */,
				2432B2582588F9B0008E2EAA /* CoreDataStore.swift */,
				2432B2502588F382008E2EAA /* Info.plist */,
			);
			path = GitHubUsersChallengeTests;
			sourceTree = "<group>";
		};
		248063162583AE54005305AF = {
			isa = PBXGroup;
			children = (
				248063212583AE54005305AF /* GitHubUsersChallenge */,
				2432B24D2588F382008E2EAA /* GitHubUsersChallengeTests */,
				248063202583AE54005305AF /* Products */,
			);
			sourceTree = "<group>";
		};
		248063202583AE54005305AF /* Products */ = {
			isa = PBXGroup;
			children = (
				2480631F2583AE54005305AF /* GitHubUsersChallenge.app */,
				2432B24C2588F382008E2EAA /* GitHubUsersChallengeTests.xctest */,
			);
			name = Products;
			sourceTree = "<group>";
		};
		248063212583AE54005305AF /* GitHubUsersChallenge */ = {
			isa = PBXGroup;
			children = (
				248063222583AE54005305AF /* AppDelegate.swift */,
				248063392583C4C6005305AF /* model */,
				248063242583AE54005305AF /* SceneDelegate.swift */,
				248063262583AE54005305AF /* ViewController.swift */,
				2480634225850E2E005305AF /* UserCell.swift */,
				24806344258517DA005305AF /* ImageCache.swift */,
				248063402583F146005305AF /* DetailViewController.swift */,
				248063282583AE54005305AF /* Main.storyboard */,
				2480632E2583AE58005305AF /* Assets.xcassets */,
				248063302583AE58005305AF /* LaunchScreen.storyboard */,
				248063332583AE58005305AF /* Info.plist */,
				2480632B2583AE54005305AF /* GitHubUsersChallenge.xcdatamodeld */,
			);
			path = GitHubUsersChallenge;
			sourceTree = "<group>";
		};
		248063392583C4C6005305AF /* model */ = {
			isa = PBXGroup;
			children = (
				248063642586CF92005305AF /* coreData */,
			);
			path = model;
			sourceTree = "<group>";
		};
		248063642586CF92005305AF /* coreData */ = {
			isa = PBXGroup;
			children = (
				2480635A25868DD0005305AF /* UserProfiles+CoreDataClass.swift */,
				2480635C25868DD0005305AF /* UsersList+CoreDataClass.swift */,
				2480634625852472005305AF /* UsersModel.swift */,
			);
			path = coreData;
			sourceTree = "<group>";
		};
/* End PBXGroup section */

/* Begin PBXNativeTarget section */
		2432B24B2588F382008E2EAA /* GitHubUsersChallengeTests */ = {
			isa = PBXNativeTarget;
			buildConfigurationList = 2432B2532588F382008E2EAA /* Build configuration list for PBXNativeTarget "GitHubUsersChallengeTests" */;
			buildPhases = (
				2432B2482588F382008E2EAA /* Sources */,
				2432B2492588F382008E2EAA /* Frameworks */,
				2432B24A2588F382008E2EAA /* Resources */,
			);
			buildRules = (
			);
			dependencies = (
				2432B2522588F382008E2EAA /* PBXTargetDependency */,
			);
			name = GitHubUsersChallengeTests;
			productName = GitHubUsersChallengeTests;
			productReference = 2432B24C2588F382008E2EAA /* GitHubUsersChallengeTests.xctest */;
			productType = "com.apple.product-type.bundle.unit-test";
		};
		2480631E2583AE54005305AF /* GitHubUsersChallenge */ = {
			isa = PBXNativeTarget;
			buildConfigurationList = 248063362583AE58005305AF /* Build configuration list for PBXNativeTarget "GitHubUsersChallenge" */;
			buildPhases = (
				2480631B2583AE54005305AF /* Sources */,
				2480631C2583AE54005305AF /* Frameworks */,
				2480631D2583AE54005305AF /* Resources */,
			);
			buildRules = (
			);
			dependencies = (
			);
			name = GitHubUsersChallenge;
			productName = GitHubUsersChallenge;
			productReference = 2480631F2583AE54005305AF /* GitHubUsersChallenge.app */;
			productType = "com.apple.product-type.application";
		};
/* End PBXNativeTarget section */

/* Begin PBXProject section */
		248063172583AE54005305AF /* Project object */ = {
			isa = PBXProject;
			attributes = {
				LastSwiftUpdateCheck = 1170;
				LastUpgradeCheck = 1170;
				ORGANIZATIONNAME = "Fuerte Francis";
				TargetAttributes = {
					2432B24B2588F382008E2EAA = {
						CreatedOnToolsVersion = 11.7;
						TestTargetID = 2480631E2583AE54005305AF;
					};
					2480631E2583AE54005305AF = {
						CreatedOnToolsVersion = 11.7;
					};
				};
			};
			buildConfigurationList = 2480631A2583AE54005305AF /* Build configuration list for PBXProject "GitHubUsersChallenge" */;
			compatibilityVersion = "Xcode 9.3";
			developmentRegion = en;
			hasScannedForEncodings = 0;
			knownRegions = (
				en,
				Base,
			);
			mainGroup = 248063162583AE54005305AF;
			productRefGroup = 248063202583AE54005305AF /* Products */;
			projectDirPath = "";
			projectRoot = "";
			targets = (
				2480631E2583AE54005305AF /* GitHubUsersChallenge */,
				2432B24B2588F382008E2EAA /* GitHubUsersChallengeTests */,
			);
		};
/* End PBXProject section */

/* Begin PBXResourcesBuildPhase section */
		2432B24A2588F382008E2EAA /* Resources */ = {
			isa = PBXResourcesBuildPhase;
			buildActionMask = 2147483647;
			files = (
			);
			runOnlyForDeploymentPostprocessing = 0;
		};
		2480631D2583AE54005305AF /* Resources */ = {
			isa = PBXResourcesBuildPhase;
			buildActionMask = 2147483647;
			files = (
				248063322583AE58005305AF /* LaunchScreen.storyboard in Resources */,
				2480632F2583AE58005305AF /* Assets.xcassets in Resources */,
				2480632A2583AE54005305AF /* Main.storyboard in Resources */,
			);
			runOnlyForDeploymentPostprocessing = 0;
		};
/* End PBXResourcesBuildPhase section */

/* Begin PBXSourcesBuildPhase section */
		2432B2482588F382008E2EAA /* Sources */ = {
			isa = PBXSourcesBuildPhase;
			buildActionMask = 2147483647;
			files = (
				2432B25E25891D45008E2EAA /* CoreDataStore.swift in Sources */,
				2432B24F2588F382008E2EAA /* GitHubUsersChallengeTests.swift in Sources */,
			);
			runOnlyForDeploymentPostprocessing = 0;
		};
		2480631B2583AE54005305AF /* Sources */ = {
			isa = PBXSourcesBuildPhase;
			buildActionMask = 2147483647;
			files = (
				248063272583AE54005305AF /* ViewController.swift in Sources */,
				24806345258517DA005305AF /* ImageCache.swift in Sources */,
				248063232583AE54005305AF /* AppDelegate.swift in Sources */,
				2480636025868DD0005305AF /* UsersList+CoreDataClass.swift in Sources */,
				248063412583F146005305AF /* DetailViewController.swift in Sources */,
				248063252583AE54005305AF /* SceneDelegate.swift in Sources */,
				2480632D2583AE54005305AF /* GitHubUsersChallenge.xcdatamodeld in Sources */,
				2480635E25868DD0005305AF /* UserProfiles+CoreDataClass.swift in Sources */,
				2480634325850E2E005305AF /* UserCell.swift in Sources */,
				2480634725852472005305AF /* UsersModel.swift in Sources */,
			);
			runOnlyForDeploymentPostprocessing = 0;
		};
/* End PBXSourcesBuildPhase section */

/* Begin PBXTargetDependency section */
		2432B2522588F382008E2EAA /* PBXTargetDependency */ = {
			isa = PBXTargetDependency;
			target = 2480631E2583AE54005305AF /* GitHubUsersChallenge */;
			targetProxy = 2432B2512588F382008E2EAA /* PBXContainerItemProxy */;
		};
/* End PBXTargetDependency section */

/* Begin PBXVariantGroup section */
		248063282583AE54005305AF /* Main.storyboard */ = {
			isa = PBXVariantGroup;
			children = (
				248063292583AE54005305AF /* Base */,
			);
			name = Main.storyboard;
			sourceTree = "<group>";
		};
		248063302583AE58005305AF /* LaunchScreen.storyboard */ = {
			isa = PBXVariantGroup;
			children = (
				248063312583AE58005305AF /* Base */,
			);
			name = LaunchScreen.storyboard;
			sourceTree = "<group>";
		};
/* End PBXVariantGroup section */

/* Begin XCBuildConfiguration section */
		2432B2542588F382008E2EAA /* Debug */ = {
			isa = XCBuildConfiguration;
			buildSettings = {
				BUNDLE_LOADER = "$(TEST_HOST)";
				CODE_SIGN_STYLE = Automatic;
				DEVELOPMENT_TEAM = B34RQ28Z5L;
				INFOPLIST_FILE = GitHubUsersChallengeTests/Info.plist;
				LD_RUNPATH_SEARCH_PATHS = (
					"$(inherited)",
					"@executable_path/Frameworks",
					"@loader_path/Frameworks",
				);
				PRODUCT_BUNDLE_IDENTIFIER = com.FuerteFrancis.GitHubUsersChallengeTests;
				PRODUCT_NAME = "$(TARGET_NAME)";
				SWIFT_VERSION = 5.0;
				TARGETED_DEVICE_FAMILY = "1,2";
				TEST_HOST = "$(BUILT_PRODUCTS_DIR)/GitHubUsersChallenge.app/GitHubUsersChallenge";
			};
			name = Debug;
		};
		2432B2552588F382008E2EAA /* Release */ = {
			isa = XCBuildConfiguration;
			buildSettings = {
				BUNDLE_LOADER = "$(TEST_HOST)";
				CODE_SIGN_STYLE = Automatic;
				DEVELOPMENT_TEAM = B34RQ28Z5L;
				INFOPLIST_FILE = GitHubUsersChallengeTests/Info.plist;
				LD_RUNPATH_SEARCH_PATHS = (
					"$(inherited)",
					"@executable_path/Frameworks",
					"@loader_path/Frameworks",
				);
				PRODUCT_BUNDLE_IDENTIFIER = com.FuerteFrancis.GitHubUsersChallengeTests;
				PRODUCT_NAME = "$(TARGET_NAME)";
				SWIFT_VERSION = 5.0;
				TARGETED_DEVICE_FAMILY = "1,2";
				TEST_HOST = "$(BUILT_PRODUCTS_DIR)/GitHubUsersChallenge.app/GitHubUsersChallenge";
			};
			name = Release;
		};
		248063342583AE58005305AF /* Debug */ = {
			isa = XCBuildConfiguration;
			buildSettings = {
				ALWAYS_SEARCH_USER_PATHS = NO;
				CLANG_ANALYZER_NONNULL = YES;
				CLANG_ANALYZER_NUMBER_OBJECT_CONVERSION = YES_AGGRESSIVE;
				CLANG_CXX_LANGUAGE_STANDARD = "gnu++14";
				CLANG_CXX_LIBRARY = "libc++";
				CLANG_ENABLE_MODULES = YES;
				CLANG_ENABLE_OBJC_ARC = YES;
				CLANG_ENABLE_OBJC_WEAK = YES;
				CLANG_WARN_BLOCK_CAPTURE_AUTORELEASING = YES;
				CLANG_WARN_BOOL_CONVERSION = YES;
				CLANG_WARN_COMMA = YES;
				CLANG_WARN_CONSTANT_CONVERSION = YES;
				CLANG_WARN_DEPRECATED_OBJC_IMPLEMENTATIONS = YES;
				CLANG_WARN_DIRECT_OBJC_ISA_USAGE = YES_ERROR;
				CLANG_WARN_DOCUMENTATION_COMMENTS = YES;
				CLANG_WARN_EMPTY_BODY = YES;
				CLANG_WARN_ENUM_CONVERSION = YES;
				CLANG_WARN_INFINITE_RECURSION = YES;
				CLANG_WARN_INT_CONVERSION = YES;
				CLANG_WARN_NON_LITERAL_NULL_CONVERSION = YES;
				CLANG_WARN_OBJC_IMPLICIT_RETAIN_SELF = YES;
				CLANG_WARN_OBJC_LITERAL_CONVERSION = YES;
				CLANG_WARN_OBJC_ROOT_CLASS = YES_ERROR;
				CLANG_WARN_RANGE_LOOP_ANALYSIS = YES;
				CLANG_WARN_STRICT_PROTOTYPES = YES;
				CLANG_WARN_SUSPICIOUS_MOVE = YES;
				CLANG_WARN_UNGUARDED_AVAILABILITY = YES_AGGRESSIVE;
				CLANG_WARN_UNREACHABLE_CODE = YES;
				CLANG_WARN__DUPLICATE_METHOD_MATCH = YES;
				COPY_PHASE_STRIP = NO;
				DEBUG_INFORMATION_FORMAT = dwarf;
				ENABLE_STRICT_OBJC_MSGSEND = YES;
				ENABLE_TESTABILITY = YES;
				GCC_C_LANGUAGE_STANDARD = gnu11;
				GCC_DYNAMIC_NO_PIC = NO;
				GCC_NO_COMMON_BLOCKS = YES;
				GCC_OPTIMIZATION_LEVEL = 0;
				GCC_PREPROCESSOR_DEFINITIONS = (
					"DEBUG=1",
					"$(inherited)",
				);
				GCC_WARN_64_TO_32_BIT_CONVERSION = YES;
				GCC_WARN_ABOUT_RETURN_TYPE = YES_ERROR;
				GCC_WARN_UNDECLARED_SELECTOR = YES;
				GCC_WARN_UNINITIALIZED_AUTOS = YES_AGGRESSIVE;
				GCC_WARN_UNUSED_FUNCTION = YES;
				GCC_WARN_UNUSED_VARIABLE = YES;
				IPHONEOS_DEPLOYMENT_TARGET = 13.7;
				MTL_ENABLE_DEBUG_INFO = INCLUDE_SOURCE;
				MTL_FAST_MATH = YES;
				ONLY_ACTIVE_ARCH = YES;
				SDKROOT = iphoneos;
				SWIFT_ACTIVE_COMPILATION_CONDITIONS = DEBUG;
				SWIFT_OPTIMIZATION_LEVEL = "-Onone";
			};
			name = Debug;
		};
		248063352583AE58005305AF /* Release */ = {
			isa = XCBuildConfiguration;
			buildSettings = {
				ALWAYS_SEARCH_USER_PATHS = NO;
				CLANG_ANALYZER_NONNULL = YES;
				CLANG_ANALYZER_NUMBER_OBJECT_CONVERSION = YES_AGGRESSIVE;
				CLANG_CXX_LANGUAGE_STANDARD = "gnu++14";
				CLANG_CXX_LIBRARY = "libc++";
				CLANG_ENABLE_MODULES = YES;
				CLANG_ENABLE_OBJC_ARC = YES;
				CLANG_ENABLE_OBJC_WEAK = YES;
				CLANG_WARN_BLOCK_CAPTURE_AUTORELEASING = YES;
				CLANG_WARN_BOOL_CONVERSION = YES;
				CLANG_WARN_COMMA = YES;
				CLANG_WARN_CONSTANT_CONVERSION = YES;
				CLANG_WARN_DEPRECATED_OBJC_IMPLEMENTATIONS = YES;
				CLANG_WARN_DIRECT_OBJC_ISA_USAGE = YES_ERROR;
				CLANG_WARN_DOCUMENTATION_COMMENTS = YES;
				CLANG_WARN_EMPTY_BODY = YES;
				CLANG_WARN_ENUM_CONVERSION = YES;
				CLANG_WARN_INFINITE_RECURSION = YES;
				CLANG_WARN_INT_CONVERSION = YES;
				CLANG_WARN_NON_LITERAL_NULL_CONVERSION = YES;
				CLANG_WARN_OBJC_IMPLICIT_RETAIN_SELF = YES;
				CLANG_WARN_OBJC_LITERAL_CONVERSION = YES;
				CLANG_WARN_OBJC_ROOT_CLASS = YES_ERROR;
				CLANG_WARN_RANGE_LOOP_ANALYSIS = YES;
				CLANG_WARN_STRICT_PROTOTYPES = YES;
				CLANG_WARN_SUSPICIOUS_MOVE = YES;
				CLANG_WARN_UNGUARDED_AVAILABILITY = YES_AGGRESSIVE;
				CLANG_WARN_UNREACHABLE_CODE = YES;
				CLANG_WARN__DUPLICATE_METHOD_MATCH = YES;
				COPY_PHASE_STRIP = NO;
				DEBUG_INFORMATION_FORMAT = "dwarf-with-dsym";
				ENABLE_NS_ASSERTIONS = NO;
				ENABLE_STRICT_OBJC_MSGSEND = YES;
				GCC_C_LANGUAGE_STANDARD = gnu11;
				GCC_NO_COMMON_BLOCKS = YES;
				GCC_WARN_64_TO_32_BIT_CONVERSION = YES;
				GCC_WARN_ABOUT_RETURN_TYPE = YES_ERROR;
				GCC_WARN_UNDECLARED_SELECTOR = YES;
				GCC_WARN_UNINITIALIZED_AUTOS = YES_AGGRESSIVE;
				GCC_WARN_UNUSED_FUNCTION = YES;
				GCC_WARN_UNUSED_VARIABLE = YES;
				IPHONEOS_DEPLOYMENT_TARGET = 13.7;
				MTL_ENABLE_DEBUG_INFO = NO;
				MTL_FAST_MATH = YES;
				SDKROOT = iphoneos;
				SWIFT_COMPILATION_MODE = wholemodule;
				SWIFT_OPTIMIZATION_LEVEL = "-O";
				VALIDATE_PRODUCT = YES;
			};
			name = Release;
		};
		248063372583AE58005305AF /* Debug */ = {
			isa = XCBuildConfiguration;
			buildSettings = {
				ASSETCATALOG_COMPILER_APPICON_NAME = AppIcon;
				CODE_SIGN_STYLE = Automatic;
				DEVELOPMENT_TEAM = B34RQ28Z5L;
				INFOPLIST_FILE = GitHubUsersChallenge/Info.plist;
				IPHONEOS_DEPLOYMENT_TARGET = 13.0;
				LD_RUNPATH_SEARCH_PATHS = (
					"$(inherited)",
					"@executable_path/Frameworks",
				);
				PRODUCT_BUNDLE_IDENTIFIER = com.FuerteFrancis.GitHubUsersChallenge;
				PRODUCT_NAME = "$(TARGET_NAME)";
				SWIFT_VERSION = 5.0;
				TARGETED_DEVICE_FAMILY = "1,2";
			};
			name = Debug;
		};
		248063382583AE58005305AF /* Release */ = {
			isa = XCBuildConfiguration;
			buildSettings = {
				ASSETCATALOG_COMPILER_APPICON_NAME = AppIcon;
				CODE_SIGN_STYLE = Automatic;
				DEVELOPMENT_TEAM = B34RQ28Z5L;
				INFOPLIST_FILE = GitHubUsersChallenge/Info.plist;
				IPHONEOS_DEPLOYMENT_TARGET = 13.0;
				LD_RUNPATH_SEARCH_PATHS = (
					"$(inherited)",
					"@executable_path/Frameworks",
				);
				PRODUCT_BUNDLE_IDENTIFIER = com.FuerteFrancis.GitHubUsersChallenge;
				PRODUCT_NAME = "$(TARGET_NAME)";
				SWIFT_VERSION = 5.0;
				TARGETED_DEVICE_FAMILY = "1,2";
			};
			name = Release;
		};
/* End XCBuildConfiguration section */

/* Begin XCConfigurationList section */
		2432B2532588F382008E2EAA /* Build configuration list for PBXNativeTarget "GitHubUsersChallengeTests" */ = {
			isa = XCConfigurationList;
			buildConfigurations = (
				2432B2542588F382008E2EAA /* Debug */,
				2432B2552588F382008E2EAA /* Release */,
			);
			defaultConfigurationIsVisible = 0;
			defaultConfigurationName = Release;
		};
		2480631A2583AE54005305AF /* Build configuration list for PBXProject "GitHubUsersChallenge" */ = {
			isa = XCConfigurationList;
			buildConfigurations = (
				248063342583AE58005305AF /* Debug */,
				248063352583AE58005305AF /* Release */,
			);
			defaultConfigurationIsVisible = 0;
			defaultConfigurationName = Release;
		};
		248063362583AE58005305AF /* Build configuration list for PBXNativeTarget "GitHubUsersChallenge" */ = {
			isa = XCConfigurationList;
			buildConfigurations = (
				248063372583AE58005305AF /* Debug */,
				248063382583AE58005305AF /* Release */,
			);
			defaultConfigurationIsVisible = 0;
			defaultConfigurationName = Release;
		};
/* End XCConfigurationList section */

/* Begin XCVersionGroup section */
		2480632B2583AE54005305AF /* GitHubUsersChallenge.xcdatamodeld */ = {
			isa = XCVersionGroup;
			children = (
				2480632C2583AE54005305AF /* GitHubUsersChallenge.xcdatamodel */,
			);
			currentVersion = 2480632C2583AE54005305AF /* GitHubUsersChallenge.xcdatamodel */;
			path = GitHubUsersChallenge.xcdatamodeld;
			sourceTree = "<group>";
			versionGroupType = wrapper.xcdatamodel;
		};
/* End XCVersionGroup section */
	};
	rootObject = 248063172583AE54005305AF /* Project object */;
}
